{
  "lockfile_version": "1",
  "packages": {
    "github:NixOS/nixpkgs/nixpkgs-unstable": {
      "last_modified": "2025-05-07T00:09:58Z",
      "resolved": "github:NixOS/nixpkgs/b3582c75c7f21ce0b429898980eddbbf05c68e55?lastModified=1746576598&narHash=sha256-FshoQvr6Aor5SnORVvh%2FZdJ1Sa2U4ZrIMwKBX5k2wu0%3D"
    },
    "ruby@3.4.8": {
      "last_modified": "2025-12-31T03:27:36Z",
      "plugin_version": "0.0.2",
      "resolved": "github:NixOS/nixpkgs/f665af0cdb70ed27e1bd8f9fdfecaf451260fc55#ruby_3_4",
      "source": "devbox-search",
      "version": "3.4.8",
      "systems": {
        "aarch64-darwin": {
          "outputs": [
            {
              "name": "out",
              "path": "/nix/store/wsrnc2byfbi6b7f7igfbpx0l2jbyvdy1-ruby-3.4.8",
              "default": true
            },
            {
              "name": "devdoc",
              "path": "/nix/store/a5ds44bp505kvymhb3kqxlb3cpvmwp2w-ruby-3.4.8-devdoc"
            }
          ],
          "store_path": "/nix/store/wsrnc2byfbi6b7f7igfbpx0l2jbyvdy1-ruby-3.4.8"
        },
        "aarch64-linux": {
          "outputs": [
            {
              "name": "out",
              "path": "/nix/store/azxi2hf2y7yi0pizsanrw2cmh9drhhi3-ruby-3.4.8",
              "default": true
            },
            {
              "name": "devdoc",
              "path": "/nix/store/3l7fhhpshf5hdjnrbpap3y6q0zk98nc8-ruby-3.4.8-devdoc"
            }
          ],
          "store_path": "/nix/store/azxi2hf2y7yi0pizsanrw2cmh9drhhi3-ruby-3.4.8"
        },
        "x86_64-darwin": {
          "outputs": [
            {
              "name": "out",
              "path": "/nix/store/gyksddsdp5zclz5axhaivl75caqs7m37-ruby-3.4.8",
              "default": true
            },
            {
              "name": "devdoc",
              "path": "/nix/store/mc8iqwws2y02cfz9ic5vk577vm2znh30-ruby-3.4.8-devdoc"
            }
          ],
          "store_path": "/nix/store/gyksddsdp5zclz5axhaivl75caqs7m37-ruby-3.4.8"
        },
        "x86_64-linux": {
          "outputs": [
            {
              "name": "out",
              "path": "/nix/store/1861cbsysxfwvg5lbdp61al76dqlw9ih-ruby-3.4.8",
              "default": true
            },
            {
              "name": "devdoc",
              "path": "/nix/store/7h1x2pcpc05h8a0z6qfcyc0pg4da2kqy-ruby-3.4.8-devdoc"
            }
          ],
          "store_path": "/nix/store/1861cbsysxfwvg5lbdp61al76dqlw9ih-ruby-3.4.8"
        }
      }
    }
  }
}
